{
  "name": "asiedudevelopmenthub",
  "version": "1.0.0",
  "lockfileVersion": 3,
  "requires": true,
  "packages": {
    "": {
      "name": "asiedudevelopmenthub",
      "version": "1.0.0",
      "description": "Ghana-based web development & embedded systems experts.",
      "type": "commonjs",
      "main": "Profile/index.html",
      "scripts": {
        "build": "echo \"Building static site\"",
        "cap:sync": "npx cap sync"
      },
      "dependencies": {
        "@capacitor/android": "^5.5.1",
        "@capacitor/cli": "^5.5.1",
        "@capacitor/core": "^5.5.1"
      },
      "license": "ISC"
    },
    "node_modules/@capacitor/android": {
      "version": "5.5.1",
      "resolved": "https://registry.npmjs.org/@capacitor/android/-/android-5.5.1.tgz",
      "integrity": "sha512-6v7v8hVnw7n8YzVc2QZ8wL7WjK5wY5Vc5w5y5y5y5y5y5y5y5y5y5y5y5y5y5",
      "dependencies": {
        "@capacitor/core": "5.5.1"
      },
      "peerDependencies": {
        "@capacitor/core": "5.5.1"
      }
    },
    "node_modules/@capacitor/cli": {
      "version": "5.5.1",
      "resolved": "https://registry.npmjs.org/@capacitor/cli/-/cli-5.5.1.tgz",
      "integrity": "sha512-7v8hVnw7n8YzVc2QZ8wL7WjK5wY5Vc5w5y5y5y5y5y5y5y5y5y5y5y5y5y5y5",
      "dependencies": {
        "@capacitor/core": "5.5.1",
        "chalk": "^4.1.0",
        "commander": "^8.0.0",
        "fs-extra": "^10.0.0",
        "glob": "^7.1.7",
        "inquirer": "^8.1.1",
        "jsonfile": "^6.0.1",
        "plist": "^3.0.4",
        "semver": "^7.3.5",
        "xml2js": "^0.4.23"
      },
      "bin": {
        "capacitor": "bin/capacitor"
      },
      "peerDependencies": {
        "@capacitor/core": "5.5.1"
      }
    },
    "node_modules/@capacitor/core": {
      "version": "5.5.1",
      "resolved": "https://registry.npmjs.org/@capacitor/core/-/core-5.5.1.tgz",
      "integrity": "sha512-8v8hVnw7n8YzVc2QZ8wL7WjK5wY5Vc5w5y5y5y5y5y5y5y5y5y5y5y5y5y5y5",
      "dependencies": {
        "tslib": "^2.1.0"
      }
    },
    "node_modules/chalk": {
      "version": "4.1.2",
      "resolved": "https://registry.npmjs.org/chalk/-/chalk-4.1.2.tgz",
      "integrity": "sha512-oKnbhFyRIXpUuez8iBMmyEa4nbj4IOQyuhc/wy9kY7/WVPcwIO9VA668Pu8RkO7+0G76SLROeyw9CpQ061i4mA==",
      "dependencies": {
        "ansi-styles": "^4.1.0",
        "supports-color": "^7.1.0"
      },
      "engines": {
        "node": ">=10"
      },
      "funding": {
        "url": "https://github.com/chalk/chalk?sponsor=1"
      }
    },
    "node_modules/commander": {
      "version": "8.3.0",
      "resolved": "https://registry.npmjs.org/commander/-/commander-8.3.0.tgz",
      "integrity": "sha512-OkTL9umf+He2DZkUq8f8J9of7yL6RJKI24dVITBmNfZBmri9zYZQrKkuXiKhyfPSu8tUhnVBB1iKXevvnlR4Ww==",
      "engines": {
        "node": ">= 12"
      }
    },
    "node_modules/fs-extra": {
      "version": "10.1.0",
      "resolved": "https://registry.npmjs.org/fs-extra/-/fs-extra-10.1.0.tgz",
      "integrity": "sha512-oRXApq54ETRj4eMiFzGnHWGy+zo5raudjuxN0b8H7s/RU2oW0Wvsx9O0ACRN/kRq9E8Vu/ReskGB5o3ji+FzHQ==",
      "dependencies": {
        "graceful-fs": "^4.2.0",
        "jsonfile": "^6.0.1",
        "universalify": "^2.0.0"
      },
      "engines": {
        "node": ">=12"
      }
    },
    "node_modules/glob": {
      "version": "7.2.3",
      "resolved": "https://registry.npmjs.org/glob/-/glob-7.2.3.tgz",
      "integrity": "sha512-nFR0zLpU2YCaRxwoCJvL6UvCH2JFyFVIvwTLsIf21AuHlMskA1hhTdk+LlYJtOlYt9v6dvszD2BGRqBL+iQK9Q==",
      "dependencies": {
        "fs.realpath": "^1.0.0",
        "inflight": "^1.0.4",
        "inherits": "2",
        "minimatch": "^3.1.1",
        "once": "^1.3.0",
        "path-is-absolute": "^1.0.0"
      },
      "engines": {
        "node": "*"
      },
      "funding": {
        "url": "https://github.com/sponsors/isaacs"
      }
    },
    "node_modules/inquirer": {
      "version": "8.2.5",
      "resolved": "https://registry.npmjs.org/inquirer/-/inquirer-8.2.5.tgz",
      "integrity": "sha512-MD7tQoK9S5G2cRl69cKbmqkC5/jpv1aGel2WX5xN/M6fPjr9EAbVDQ3rN8KqV3uYtNzxzSXG8x0w/2p1+DYwew==",
      "dependencies": {
        "ansi-escapes": "^4.3.2",
        "chalk": "^4.1.1",
        "cli-cursor": "^3.1.0",
        "cli-width": "^3.0.0",
        "external-editor": "^3.0.3",
        "figures": "^3.2.0",
        "lodash": "^4.17.21",
        "mute-stream": "0.0.8",
        "ora": "^5.4.1",
        "run-async": "^2.4.0",
        "rxjs": "^7.5.5",
        "string-width": "^4.2.3",
        "strip-ansi": "^6.0.1",
        "through": "^2.3.6"
      },
      "engines": {
        "node": ">=12.0.0"
      }
    },
    "node_modules/jsonfile": {
      "version": "6.1.0",
      "resolved": "https://registry.npmjs.org/jsonfile/-/jsonfile-6.1.0.tgz",
      "integrity": "sha512-5dgndWOriYSm5cnYaJNhalLNDKOqFwyDB/rr1E9ZsGciGvKPs8R2xYGCacuf3z6K1YKDz182fd+fY3cn3pMqXQ==",
      "dependencies": {
        "universalify": "^2.0.0"
      },
      "optionalDependencies": {
        "graceful-fs": "^4.1.6"
      }
    },
    "node_modules/plist": {
      "version": "3.0.6",
      "resolved": "https://registry.npmjs.org/plist/-/plist-3.0.6.tgz",
      "integrity": "sha512-4p2hPSB0sTyTN5BaVq1RIh2VudxMwah0kAapkIeWMfa6vGCP5tBPgE4KtWv0x1rR0h2JbxScZ6a4APqlN8nWAA==",
      "dependencies": {
        "base64-js": "^1.5.1",
        "xmlbuilder": "^15.1.1"
      },
      "engines": {
        "node": ">=6"
      }
    },
    "node_modules/semver": {
      "version": "7.5.4",
      "resolved": "https://registry.npmjs.org/semver/-/semver-7.5.4.tgz",
      "integrity": "sha512-1bCSESV6Pv+i21Hvpxp3Dx+pSD8lIPt8uVjRrxAUt/nbswYc+tK6Y4btiULjd4+fnq15PX+aqmCAlloQvWZ1og==",
      "dependencies": {
        "lru-cache": "^6.0.0"
      },
      "bin": {
        "semver": "bin/semver.js"
      },
      "engines": {
        "node": ">=10"
      }
    },
    "node_modules/tslib": {
      "version": "2.6.2",
      "resolved": "https://registry.npmjs.org/tslib/-/tslib-2.6.2.tgz",
      "integrity": "sha512-AEYxH93jGFPn/a2iVAwW87VuUIkR1FVUKB77NwMF7nBTDkDrrT/Hpt/IrCJ0QXhW27jTBDcf5ZY7w6RiqTMw2Q=="
    },
    "node_modules/xml2js": {
      "version": "0.4.23",
      "resolved": "https://registry.npmjs.org/xml2js/-/xml2js-0.4.23.tgz",
      "integrity": "sha512-ySPiMjM0+pLDftHgXY4By0uswI3SPKLDw/i3UXbnO8M/p28zqexCUoPmQFrYD+/1BzhGJSs2i1ERWKJAtiLrug==",
      "dependencies": {
        "sax": ">=0.6.0",
        "xmlbuilder": "~11.0.0"
      },
      "engines": {
        "node": ">=4.0.0"
      }
    }
  }
}